<Solution>
  <Folder Name="/Demo/">
    <Project Path="ConsoleApp/ConsoleApp.csproj" />
  </Folder>
  <Folder Name="/Tests/">
    <Project Path="TestMappers/TestMappers.csproj" Id="b9d6c6d1-794a-40b3-b03f-3c3b408ccb4d" />
  </Folder>
  <Project Path="JDPlus.WS.Client/JDPlus.WS.Client.csproj" />
  <Project Path="JDPlus.WS.Dtos/JDPlus.WS.Dtos.csproj" />
  <Project Path="JDPlus.WS.Mapper/JDPlus.WS.Mapper.csproj" />
  <Project Path="JDPlus.WS.Models/JDPlus.WS.Models.csproj" />
</Solution>
